// !$*UTF8*$!
{
	archiveVersion = 1;
	classes = {
	};
	objectVersion = 51;
	objects = {

/* Begin PBXBuildFile section */
		A913A308267A4C7700D22236 /* Dynamic.swift in Sources */ = {isa = PBXBuildFile; fileRef = A913A307267A4C7700D22236 /* Dynamic.swift */; };
		A913A30A267A4D1B00D22236 /* Extension+UIFont.swift in Sources */ = {isa = PBXBuildFile; fileRef = A913A309267A4D1B00D22236 /* Extension+UIFont.swift */; };
		A913A30C267E053C00D22236 /* HomeBottomReusableView.swift in Sources */ = {isa = PBXBuildFile; fileRef = A913A30B267E053C00D22236 /* HomeBottomReusableView.swift */; };
		A913A30E267E091F00D22236 /* SelectedItemList.swift in Sources */ = {isa = PBXBuildFile; fileRef = A913A30D267E091F00D22236 /* SelectedItemList.swift */; };
		A913A31626868DEE00D22236 /* ListViewController.swift in Sources */ = {isa = PBXBuildFile; fileRef = A913A31526868DEE00D22236 /* ListViewController.swift */; };
		A913A31826868E0200D22236 /* ListTableCell.swift in Sources */ = {isa = PBXBuildFile; fileRef = A913A31726868E0200D22236 /* ListTableCell.swift */; };
		A913A31B268705C300D22236 /* RecipeViewController.swift in Sources */ = {isa = PBXBuildFile; fileRef = A913A31A268705C300D22236 /* RecipeViewController.swift */; };
		A93C99CA26A7E58E00156CF8 /* CustomGlassView.swift in Sources */ = {isa = PBXBuildFile; fileRef = A93C99C926A7E58E00156CF8 /* CustomGlassView.swift */; };
		A9667810266A4AA9002684BC /* AppDelegate.swift in Sources */ = {isa = PBXBuildFile; fileRef = A966780F266A4AA9002684BC /* AppDelegate.swift */; };
		A9667812266A4AA9002684BC /* SceneDelegate.swift in Sources */ = {isa = PBXBuildFile; fileRef = A9667811266A4AA9002684BC /* SceneDelegate.swift */; };
		A9667814266A4AA9002684BC /* BaseViewController.swift in Sources */ = {isa = PBXBuildFile; fileRef = A9667813266A4AA9002684BC /* BaseViewController.swift */; };
		A9667819266A4AAB002684BC /* Assets.xcassets in Resources */ = {isa = PBXBuildFile; fileRef = A9667818266A4AAB002684BC /* Assets.xcassets */; };
		A966781C266A4AAB002684BC /* LaunchScreen.storyboard in Resources */ = {isa = PBXBuildFile; fileRef = A966781A266A4AAB002684BC /* LaunchScreen.storyboard */; };
		A9667827266A4AAB002684BC /* HomeTailTests.swift in Sources */ = {isa = PBXBuildFile; fileRef = A9667826266A4AAB002684BC /* HomeTailTests.swift */; };
		A9667832266A4AAB002684BC /* HomeTailUITests.swift in Sources */ = {isa = PBXBuildFile; fileRef = A9667831266A4AAB002684BC /* HomeTailUITests.swift */; };
		A9667942266BCCA7002684BC /* HomeViewController.swift in Sources */ = {isa = PBXBuildFile; fileRef = A9667941266BCCA7002684BC /* HomeViewController.swift */; };
		A9667952266BCE09002684BC /* .swiftlint.yml in Resources */ = {isa = PBXBuildFile; fileRef = A9667951266BCE09002684BC /* .swiftlint.yml */; };
		A9667961266BEE43002684BC /* Extension+UITableView.swift in Sources */ = {isa = PBXBuildFile; fileRef = A9667960266BEE43002684BC /* Extension+UITableView.swift */; };
		A9667969266BEFA4002684BC /* Extension+UICollectionView.swift in Sources */ = {isa = PBXBuildFile; fileRef = A9667968266BEFA4002684BC /* Extension+UICollectionView.swift */; };
		A966796F266BF047002684BC /* Protocol+ReusableCell.swift in Sources */ = {isa = PBXBuildFile; fileRef = A966796E266BF047002684BC /* Protocol+ReusableCell.swift */; };
		A9667984266E343C002684BC /* CockTailList.xcdatamodeld in Sources */ = {isa = PBXBuildFile; fileRef = A9667982266E343C002684BC /* CockTailList.xcdatamodeld */; };
		A9667989266E5A0F002684BC /* CockTailListModel.swift in Sources */ = {isa = PBXBuildFile; fileRef = A9667988266E5A0F002684BC /* CockTailListModel.swift */; };
		A9667996266E6526002684BC /* List+CoreDataClass.swift in Sources */ = {isa = PBXBuildFile; fileRef = A9667994266E6526002684BC /* List+CoreDataClass.swift */; };
		A9667997266E6526002684BC /* List+CoreDataProperties.swift in Sources */ = {isa = PBXBuildFile; fileRef = A9667995266E6526002684BC /* List+CoreDataProperties.swift */; };
		A96679A3266F80AE002684BC /* CockTailService.swift in Sources */ = {isa = PBXBuildFile; fileRef = A96679A2266F80AE002684BC /* CockTailService.swift */; };
		A96679A8266F828E002684BC /* CockTailRepository.swift in Sources */ = {isa = PBXBuildFile; fileRef = A96679A7266F828E002684BC /* CockTailRepository.swift */; };
		A96679AD266F848E002684BC /* HomeViewModel.swift in Sources */ = {isa = PBXBuildFile; fileRef = A96679AC266F848E002684BC /* HomeViewModel.swift */; };
		A96679B2266F8677002684BC /* CockTailDataTestModel.swift in Sources */ = {isa = PBXBuildFile; fileRef = A96679B1266F8677002684BC /* CockTailDataTestModel.swift */; };
		A96679B726710AFD002684BC /* Extension+UIcolor.swift in Sources */ = {isa = PBXBuildFile; fileRef = A96679B626710AFD002684BC /* Extension+UIcolor.swift */; };
		A99ECDED2691D5270059F956 /* RecipeViewModel.swift in Sources */ = {isa = PBXBuildFile; fileRef = A99ECDEC2691D5270059F956 /* RecipeViewModel.swift */; };
		A99ECDF8269593ED0059F956 /* CustomAnimator.swift in Sources */ = {isa = PBXBuildFile; fileRef = A99ECDF7269593ED0059F956 /* CustomAnimator.swift */; };
		A9C1AAC52674FF8E00156AF6 /* NSError+CoreData.swift in Sources */ = {isa = PBXBuildFile; fileRef = A9C1AAC42674FF8E00156AF6 /* NSError+CoreData.swift */; };
		A9C1AACD26752B6F00156AF6 /* HomeBottomViewController.swift in Sources */ = {isa = PBXBuildFile; fileRef = A9C1AACC26752B6F00156AF6 /* HomeBottomViewController.swift */; };
		A9C1AACF2675341B00156AF6 /* HomeTopViewController.swift in Sources */ = {isa = PBXBuildFile; fileRef = A9C1AACE2675341B00156AF6 /* HomeTopViewController.swift */; };
		A9C1AADD26779C1500156AF6 /* HomeBottomCell.swift in Sources */ = {isa = PBXBuildFile; fileRef = A9C1AADC26779C1500156AF6 /* HomeBottomCell.swift */; };
		A9CD5FA82689393900FE11B2 /* FilteringViewController.swift in Sources */ = {isa = PBXBuildFile; fileRef = A9CD5FA72689393900FE11B2 /* FilteringViewController.swift */; };
		A9CD5FAA2689F50D00FE11B2 /* FilteringTableCell.swift in Sources */ = {isa = PBXBuildFile; fileRef = A9CD5FA92689F50D00FE11B2 /* FilteringTableCell.swift */; };
		A9CD5FAD268B3CCA00FE11B2 /* SourceHanSansHWK-Bold.otf in Resources */ = {isa = PBXBuildFile; fileRef = A9CD5FAB268B3CC900FE11B2 /* SourceHanSansHWK-Bold.otf */; };
		A9CD5FAE268B3CCA00FE11B2 /* SourceHanSansHWK-Regular.otf in Resources */ = {isa = PBXBuildFile; fileRef = A9CD5FAC268B3CCA00FE11B2 /* SourceHanSansHWK-Regular.otf */; };
		A9CD5FB0268E793100FE11B2 /* PersistenceManager.swift in Sources */ = {isa = PBXBuildFile; fileRef = A9CD5FAF268E793100FE11B2 /* PersistenceManager.swift */; };
		A9CD5FB2268E848D00FE11B2 /* SelectedItems.swift in Sources */ = {isa = PBXBuildFile; fileRef = A9CD5FB1268E848D00FE11B2 /* SelectedItems.swift */; };
		A9CD5FB4268E864800FE11B2 /* ListViewModel.swift in Sources */ = {isa = PBXBuildFile; fileRef = A9CD5FB3268E864800FE11B2 /* ListViewModel.swift */; };
		A9CD5FB6268E88B600FE11B2 /* SubCoordinator.swift in Sources */ = {isa = PBXBuildFile; fileRef = A9CD5FB5268E88B600FE11B2 /* SubCoordinator.swift */; };
		A9E15C4026B534CD00120F35 /* GoogleService-Info.plist in Resources */ = {isa = PBXBuildFile; fileRef = A9E15C3F26B534CD00120F35 /* GoogleService-Info.plist */; };
		A9E15C4226B544AA00120F35 /* CockTailDataModel.swift in Sources */ = {isa = PBXBuildFile; fileRef = A9E15C4126B544AA00120F35 /* CockTailDataModel.swift */; };
		AC5E88CC9A045FDCC47FF3AE /* Pods_HomeTailTests.framework in Frameworks */ = {isa = PBXBuildFile; fileRef = 3CADCC710FF7F35B73F5A65D /* Pods_HomeTailTests.framework */; };
		BFBCF29C84947E98DA230E9B /* Pods_HomeTail_HomeTailUITests.framework in Frameworks */ = {isa = PBXBuildFile; fileRef = 7204515A219A92C001285227 /* Pods_HomeTail_HomeTailUITests.framework */; };
		C9066DF0C41777016B625074 /* Pods_HomeTail.framework in Frameworks */ = {isa = PBXBuildFile; fileRef = BAE8232DE894D82AF60ECE7B /* Pods_HomeTail.framework */; };
/* End PBXBuildFile section */

/* Begin PBXContainerItemProxy section */
		A9667823266A4AAB002684BC /* PBXContainerItemProxy */ = {
			isa = PBXContainerItemProxy;
			containerPortal = A9667804266A4AA9002684BC /* Project object */;
			proxyType = 1;
			remoteGlobalIDString = A966780B266A4AA9002684BC;
			remoteInfo = HomeTail;
		};
		A966782E266A4AAB002684BC /* PBXContainerItemProxy */ = {
			isa = PBXContainerItemProxy;
			containerPortal = A9667804266A4AA9002684BC /* Project object */;
			proxyType = 1;
			remoteGlobalIDString = A966780B266A4AA9002684BC;
			remoteInfo = HomeTail;
		};
/* End PBXContainerItemProxy section */

/* Begin PBXFileReference section */
		3CADCC710FF7F35B73F5A65D /* Pods_HomeTailTests.framework */ = {isa = PBXFileReference; explicitFileType = wrapper.framework; includeInIndex = 0; path = Pods_HomeTailTests.framework; sourceTree = BUILT_PRODUCTS_DIR; };
		5F4627F2182C98C8C14AB772 /* Pods-HomeTail.debug.xcconfig */ = {isa = PBXFileReference; includeInIndex = 1; lastKnownFileType = text.xcconfig; name = "Pods-HomeTail.debug.xcconfig"; path = "Target Support Files/Pods-HomeTail/Pods-HomeTail.debug.xcconfig"; sourceTree = "<group>"; };
		7204515A219A92C001285227 /* Pods_HomeTail_HomeTailUITests.framework */ = {isa = PBXFileReference; explicitFileType = wrapper.framework; includeInIndex = 0; path = Pods_HomeTail_HomeTailUITests.framework; sourceTree = BUILT_PRODUCTS_DIR; };
		73DBA9942D11BCAC2123D83B /* Pods-HomeTailTests.debug.xcconfig */ = {isa = PBXFileReference; includeInIndex = 1; lastKnownFileType = text.xcconfig; name = "Pods-HomeTailTests.debug.xcconfig"; path = "Target Support Files/Pods-HomeTailTests/Pods-HomeTailTests.debug.xcconfig"; sourceTree = "<group>"; };
		9C7E7F108B93F5C8F14AB56D /* Pods-HomeTailTests.release.xcconfig */ = {isa = PBXFileReference; includeInIndex = 1; lastKnownFileType = text.xcconfig; name = "Pods-HomeTailTests.release.xcconfig"; path = "Target Support Files/Pods-HomeTailTests/Pods-HomeTailTests.release.xcconfig"; sourceTree = "<group>"; };
		9E2D9AF9333BC6F275C035A4 /* Pods-HomeTail-HomeTailUITests.release.xcconfig */ = {isa = PBXFileReference; includeInIndex = 1; lastKnownFileType = text.xcconfig; name = "Pods-HomeTail-HomeTailUITests.release.xcconfig"; path = "Target Support Files/Pods-HomeTail-HomeTailUITests/Pods-HomeTail-HomeTailUITests.release.xcconfig"; sourceTree = "<group>"; };
		A913A307267A4C7700D22236 /* Dynamic.swift */ = {isa = PBXFileReference; lastKnownFileType = sourcecode.swift; path = Dynamic.swift; sourceTree = "<group>"; };
		A913A309267A4D1B00D22236 /* Extension+UIFont.swift */ = {isa = PBXFileReference; lastKnownFileType = sourcecode.swift; path = "Extension+UIFont.swift"; sourceTree = "<group>"; };
		A913A30B267E053C00D22236 /* HomeBottomReusableView.swift */ = {isa = PBXFileReference; lastKnownFileType = sourcecode.swift; path = HomeBottomReusableView.swift; sourceTree = "<group>"; };
		A913A30D267E091F00D22236 /* SelectedItemList.swift */ = {isa = PBXFileReference; lastKnownFileType = sourcecode.swift; path = SelectedItemList.swift; sourceTree = "<group>"; };
		A913A31526868DEE00D22236 /* ListViewController.swift */ = {isa = PBXFileReference; lastKnownFileType = sourcecode.swift; path = ListViewController.swift; sourceTree = "<group>"; };
		A913A31726868E0200D22236 /* ListTableCell.swift */ = {isa = PBXFileReference; lastKnownFileType = sourcecode.swift; path = ListTableCell.swift; sourceTree = "<group>"; };
		A913A31A268705C300D22236 /* RecipeViewController.swift */ = {isa = PBXFileReference; lastKnownFileType = sourcecode.swift; path = RecipeViewController.swift; sourceTree = "<group>"; };
		A93C99C926A7E58E00156CF8 /* CustomGlassView.swift */ = {isa = PBXFileReference; lastKnownFileType = sourcecode.swift; path = CustomGlassView.swift; sourceTree = "<group>"; };
		A966780C266A4AA9002684BC /* HomeTail.app */ = {isa = PBXFileReference; explicitFileType = wrapper.application; includeInIndex = 0; path = HomeTail.app; sourceTree = BUILT_PRODUCTS_DIR; };
		A966780F266A4AA9002684BC /* AppDelegate.swift */ = {isa = PBXFileReference; lastKnownFileType = sourcecode.swift; path = AppDelegate.swift; sourceTree = "<group>"; };
		A9667811266A4AA9002684BC /* SceneDelegate.swift */ = {isa = PBXFileReference; lastKnownFileType = sourcecode.swift; path = SceneDelegate.swift; sourceTree = "<group>"; };
		A9667813266A4AA9002684BC /* BaseViewController.swift */ = {isa = PBXFileReference; lastKnownFileType = sourcecode.swift; path = BaseViewController.swift; sourceTree = "<group>"; };
		A9667818266A4AAB002684BC /* Assets.xcassets */ = {isa = PBXFileReference; lastKnownFileType = folder.assetcatalog; path = Assets.xcassets; sourceTree = "<group>"; };
		A966781B266A4AAB002684BC /* Base */ = {isa = PBXFileReference; lastKnownFileType = file.storyboard; name = Base; path = Base.lproj/LaunchScreen.storyboard; sourceTree = "<group>"; };
		A966781D266A4AAB002684BC /* Info.plist */ = {isa = PBXFileReference; lastKnownFileType = text.plist.xml; path = Info.plist; sourceTree = "<group>"; };
		A9667822266A4AAB002684BC /* HomeTailTests.xctest */ = {isa = PBXFileReference; explicitFileType = wrapper.cfbundle; includeInIndex = 0; path = HomeTailTests.xctest; sourceTree = BUILT_PRODUCTS_DIR; };
		A9667826266A4AAB002684BC /* HomeTailTests.swift */ = {isa = PBXFileReference; lastKnownFileType = sourcecode.swift; path = HomeTailTests.swift; sourceTree = "<group>"; };
		A9667828266A4AAB002684BC /* Info.plist */ = {isa = PBXFileReference; lastKnownFileType = text.plist.xml; path = Info.plist; sourceTree = "<group>"; };
		A966782D266A4AAB002684BC /* HomeTailUITests.xctest */ = {isa = PBXFileReference; explicitFileType = wrapper.cfbundle; includeInIndex = 0; path = HomeTailUITests.xctest; sourceTree = BUILT_PRODUCTS_DIR; };
		A9667831266A4AAB002684BC /* HomeTailUITests.swift */ = {isa = PBXFileReference; lastKnownFileType = sourcecode.swift; path = HomeTailUITests.swift; sourceTree = "<group>"; };
		A9667833266A4AAB002684BC /* Info.plist */ = {isa = PBXFileReference; lastKnownFileType = text.plist.xml; path = Info.plist; sourceTree = "<group>"; };
		A9667941266BCCA7002684BC /* HomeViewController.swift */ = {isa = PBXFileReference; lastKnownFileType = sourcecode.swift; path = HomeViewController.swift; sourceTree = "<group>"; };
		A9667951266BCE09002684BC /* .swiftlint.yml */ = {isa = PBXFileReference; lastKnownFileType = text.yaml; path = .swiftlint.yml; sourceTree = "<group>"; };
		A9667960266BEE43002684BC /* Extension+UITableView.swift */ = {isa = PBXFileReference; lastKnownFileType = sourcecode.swift; path = "Extension+UITableView.swift"; sourceTree = "<group>"; };
		A9667968266BEFA4002684BC /* Extension+UICollectionView.swift */ = {isa = PBXFileReference; lastKnownFileType = sourcecode.swift; path = "Extension+UICollectionView.swift"; sourceTree = "<group>"; };
		A966796E266BF047002684BC /* Protocol+ReusableCell.swift */ = {isa = PBXFileReference; lastKnownFileType = sourcecode.swift; path = "Protocol+ReusableCell.swift"; sourceTree = "<group>"; };
		A9667983266E343C002684BC /* CockTailList.xcdatamodel */ = {isa = PBXFileReference; lastKnownFileType = wrapper.xcdatamodel; path = CockTailList.xcdatamodel; sourceTree = "<group>"; };
		A9667988266E5A0F002684BC /* CockTailListModel.swift */ = {isa = PBXFileReference; lastKnownFileType = sourcecode.swift; path = CockTailListModel.swift; sourceTree = "<group>"; };
		A9667994266E6526002684BC /* List+CoreDataClass.swift */ = {isa = PBXFileReference; lastKnownFileType = sourcecode.swift; path = "List+CoreDataClass.swift"; sourceTree = "<group>"; };
		A9667995266E6526002684BC /* List+CoreDataProperties.swift */ = {isa = PBXFileReference; lastKnownFileType = sourcecode.swift; path = "List+CoreDataProperties.swift"; sourceTree = "<group>"; };
		A96679A2266F80AE002684BC /* CockTailService.swift */ = {isa = PBXFileReference; lastKnownFileType = sourcecode.swift; path = CockTailService.swift; sourceTree = "<group>"; };
		A96679A7266F828E002684BC /* CockTailRepository.swift */ = {isa = PBXFileReference; lastKnownFileType = sourcecode.swift; path = CockTailRepository.swift; sourceTree = "<group>"; };
		A96679AC266F848E002684BC /* HomeViewModel.swift */ = {isa = PBXFileReference; lastKnownFileType = sourcecode.swift; path = HomeViewModel.swift; sourceTree = "<group>"; };
		A96679B1266F8677002684BC /* CockTailDataTestModel.swift */ = {isa = PBXFileReference; lastKnownFileType = sourcecode.swift; path = CockTailDataTestModel.swift; sourceTree = "<group>"; };
		A96679B626710AFD002684BC /* Extension+UIcolor.swift */ = {isa = PBXFileReference; lastKnownFileType = sourcecode.swift; path = "Extension+UIcolor.swift"; sourceTree = "<group>"; };
		A99ECDEC2691D5270059F956 /* RecipeViewModel.swift */ = {isa = PBXFileReference; lastKnownFileType = sourcecode.swift; path = RecipeViewModel.swift; sourceTree = "<group>"; };
		A99ECDF7269593ED0059F956 /* CustomAnimator.swift */ = {isa = PBXFileReference; lastKnownFileType = sourcecode.swift; path = CustomAnimator.swift; sourceTree = "<group>"; };
		A9C1AAC42674FF8E00156AF6 /* NSError+CoreData.swift */ = {isa = PBXFileReference; lastKnownFileType = sourcecode.swift; path = "NSError+CoreData.swift"; sourceTree = "<group>"; };
		A9C1AACC26752B6F00156AF6 /* HomeBottomViewController.swift */ = {isa = PBXFileReference; lastKnownFileType = sourcecode.swift; path = HomeBottomViewController.swift; sourceTree = "<group>"; };
		A9C1AACE2675341B00156AF6 /* HomeTopViewController.swift */ = {isa = PBXFileReference; lastKnownFileType = sourcecode.swift; path = HomeTopViewController.swift; sourceTree = "<group>"; };
		A9C1AADC26779C1500156AF6 /* HomeBottomCell.swift */ = {isa = PBXFileReference; lastKnownFileType = sourcecode.swift; path = HomeBottomCell.swift; sourceTree = "<group>"; };
		A9CD5FA72689393900FE11B2 /* FilteringViewController.swift */ = {isa = PBXFileReference; lastKnownFileType = sourcecode.swift; path = FilteringViewController.swift; sourceTree = "<group>"; };
		A9CD5FA92689F50D00FE11B2 /* FilteringTableCell.swift */ = {isa = PBXFileReference; lastKnownFileType = sourcecode.swift; path = FilteringTableCell.swift; sourceTree = "<group>"; };
		A9CD5FAB268B3CC900FE11B2 /* SourceHanSansHWK-Bold.otf */ = {isa = PBXFileReference; lastKnownFileType = file; path = "SourceHanSansHWK-Bold.otf"; sourceTree = "<group>"; };
		A9CD5FAC268B3CCA00FE11B2 /* SourceHanSansHWK-Regular.otf */ = {isa = PBXFileReference; lastKnownFileType = file; path = "SourceHanSansHWK-Regular.otf"; sourceTree = "<group>"; };
		A9CD5FAF268E793100FE11B2 /* PersistenceManager.swift */ = {isa = PBXFileReference; lastKnownFileType = sourcecode.swift; path = PersistenceManager.swift; sourceTree = "<group>"; };
		A9CD5FB1268E848D00FE11B2 /* SelectedItems.swift */ = {isa = PBXFileReference; lastKnownFileType = sourcecode.swift; path = SelectedItems.swift; sourceTree = "<group>"; };
		A9CD5FB3268E864800FE11B2 /* ListViewModel.swift */ = {isa = PBXFileReference; lastKnownFileType = sourcecode.swift; path = ListViewModel.swift; sourceTree = "<group>"; };
		A9CD5FB5268E88B600FE11B2 /* SubCoordinator.swift */ = {isa = PBXFileReference; lastKnownFileType = sourcecode.swift; path = SubCoordinator.swift; sourceTree = "<group>"; };
		A9E15C3F26B534CD00120F35 /* GoogleService-Info.plist */ = {isa = PBXFileReference; fileEncoding = 4; lastKnownFileType = text.plist.xml; path = "GoogleService-Info.plist"; sourceTree = "<group>"; };
		A9E15C4126B544AA00120F35 /* CockTailDataModel.swift */ = {isa = PBXFileReference; lastKnownFileType = sourcecode.swift; path = CockTailDataModel.swift; sourceTree = "<group>"; };
		B2818C89D86E58AD02BA97F9 /* Pods-HomeTail-HomeTailUITests.debug.xcconfig */ = {isa = PBXFileReference; includeInIndex = 1; lastKnownFileType = text.xcconfig; name = "Pods-HomeTail-HomeTailUITests.debug.xcconfig"; path = "Target Support Files/Pods-HomeTail-HomeTailUITests/Pods-HomeTail-HomeTailUITests.debug.xcconfig"; sourceTree = "<group>"; };
		BAE8232DE894D82AF60ECE7B /* Pods_HomeTail.framework */ = {isa = PBXFileReference; explicitFileType = wrapper.framework; includeInIndex = 0; path = Pods_HomeTail.framework; sourceTree = BUILT_PRODUCTS_DIR; };
		E5E835456B82D671ED625814 /* Pods-HomeTail.release.xcconfig */ = {isa = PBXFileReference; includeInIndex = 1; lastKnownFileType = text.xcconfig; name = "Pods-HomeTail.release.xcconfig"; path = "Target Support Files/Pods-HomeTail/Pods-HomeTail.release.xcconfig"; sourceTree = "<group>"; };
/* End PBXFileReference section */

/* Begin PBXFrameworksBuildPhase section */
		A9667809266A4AA9002684BC /* Frameworks */ = {
			isa = PBXFrameworksBuildPhase;
			buildActionMask = 2147483647;
			files = (
				C9066DF0C41777016B625074 /* Pods_HomeTail.framework in Frameworks */,
			);
			runOnlyForDeploymentPostprocessing = 0;
		};
		A966781F266A4AAB002684BC /* Frameworks */ = {
			isa = PBXFrameworksBuildPhase;
			buildActionMask = 2147483647;
			files = (
				AC5E88CC9A045FDCC47FF3AE /* Pods_HomeTailTests.framework in Frameworks */,
			);
			runOnlyForDeploymentPostprocessing = 0;
		};
		A966782A266A4AAB002684BC /* Frameworks */ = {
			isa = PBXFrameworksBuildPhase;
			buildActionMask = 2147483647;
			files = (
				BFBCF29C84947E98DA230E9B /* Pods_HomeTail_HomeTailUITests.framework in Frameworks */,
			);
			runOnlyForDeploymentPostprocessing = 0;
		};
/* End PBXFrameworksBuildPhase section */

/* Begin PBXGroup section */
		1394648416BC31D06A3567BA /* Frameworks */ = {
			isa = PBXGroup;
			children = (
				BAE8232DE894D82AF60ECE7B /* Pods_HomeTail.framework */,
				7204515A219A92C001285227 /* Pods_HomeTail_HomeTailUITests.framework */,
				3CADCC710FF7F35B73F5A65D /* Pods_HomeTailTests.framework */,
			);
			name = Frameworks;
			sourceTree = "<group>";
		};
		A913A31426868C2E00D22236 /* List */ = {
			isa = PBXGroup;
			children = (
				A913A31526868DEE00D22236 /* ListViewController.swift */,
				A913A31726868E0200D22236 /* ListTableCell.swift */,
				A99ECDF7269593ED0059F956 /* CustomAnimator.swift */,
				A99ECDF6269593C60059F956 /* Filtering */,
			);
			name = List;
			path = ../List;
			sourceTree = "<group>";
		};
		A913A3192687049500D22236 /* Recipe */ = {
			isa = PBXGroup;
			children = (
				A913A31A268705C300D22236 /* RecipeViewController.swift */,
			);
			path = Recipe;
			sourceTree = "<group>";
		};
		A9667803266A4AA9002684BC = {
			isa = PBXGroup;
			children = (
				A9667951266BCE09002684BC /* .swiftlint.yml */,
				A966780E266A4AA9002684BC /* HomeTail */,
				A9667825266A4AAB002684BC /* HomeTailTests */,
				A9667830266A4AAB002684BC /* HomeTailUITests */,
				A966780D266A4AA9002684BC /* Products */,
				FBF5080502C3E8540F8C15F2 /* Pods */,
				1394648416BC31D06A3567BA /* Frameworks */,
			);
			sourceTree = "<group>";
		};
		A966780D266A4AA9002684BC /* Products */ = {
			isa = PBXGroup;
			children = (
				A966780C266A4AA9002684BC /* HomeTail.app */,
				A9667822266A4AAB002684BC /* HomeTailTests.xctest */,
				A966782D266A4AAB002684BC /* HomeTailUITests.xctest */,
			);
			name = Products;
			sourceTree = "<group>";
		};
		A966780E266A4AA9002684BC /* HomeTail */ = {
			isa = PBXGroup;
			children = (
				A966793E266BCC73002684BC /* View */,
				A9667940266BCC7F002684BC /* ViewModel */,
				A966797D266E2F01002684BC /* Service */,
				A966793F266BCC7A002684BC /* Model */,
				A966797E266E2F22002684BC /* Repository */,
				A966797C266E2EFB002684BC /* Entity */,
				A9667959266BD6DD002684BC /* Utility */,
				A966793D266BCC6A002684BC /* Base */,
				A9667928266BCB0E002684BC /* Configure */,
			);
			path = HomeTail;
			sourceTree = "<group>";
		};
		A9667825266A4AAB002684BC /* HomeTailTests */ = {
			isa = PBXGroup;
			children = (
				A9667826266A4AAB002684BC /* HomeTailTests.swift */,
				A9667828266A4AAB002684BC /* Info.plist */,
			);
			path = HomeTailTests;
			sourceTree = "<group>";
		};
		A9667830266A4AAB002684BC /* HomeTailUITests */ = {
			isa = PBXGroup;
			children = (
				A9667831266A4AAB002684BC /* HomeTailUITests.swift */,
				A9667833266A4AAB002684BC /* Info.plist */,
			);
			path = HomeTailUITests;
			sourceTree = "<group>";
		};
		A9667928266BCB0E002684BC /* Configure */ = {
			isa = PBXGroup;
			children = (
				A9667982266E343C002684BC /* CockTailList.xcdatamodeld */,
				A9CD5FAB268B3CC900FE11B2 /* SourceHanSansHWK-Bold.otf */,
				A9CD5FAC268B3CCA00FE11B2 /* SourceHanSansHWK-Regular.otf */,
				A966780F266A4AA9002684BC /* AppDelegate.swift */,
				A9667811266A4AA9002684BC /* SceneDelegate.swift */,
				A9667818266A4AAB002684BC /* Assets.xcassets */,
				A966781A266A4AAB002684BC /* LaunchScreen.storyboard */,
				A966781D266A4AAB002684BC /* Info.plist */,
				A9E15C3F26B534CD00120F35 /* GoogleService-Info.plist */,
			);
			path = Configure;
			sourceTree = "<group>";
		};
		A966793D266BCC6A002684BC /* Base */ = {
			isa = PBXGroup;
			children = (
				A9667813266A4AA9002684BC /* BaseViewController.swift */,
				A913A307267A4C7700D22236 /* Dynamic.swift */,
			);
			path = Base;
			sourceTree = "<group>";
		};
		A966793E266BCC73002684BC /* View */ = {
			isa = PBXGroup;
			children = (
				A913A3192687049500D22236 /* Recipe */,
				A913A31426868C2E00D22236 /* List */,
				A9CD5FB7268E90AB00FE11B2 /* Home */,
			);
			path = View;
			sourceTree = "<group>";
		};
		A966793F266BCC7A002684BC /* Model */ = {
			isa = PBXGroup;
			children = (
				A96679B1266F8677002684BC /* CockTailDataTestModel.swift */,
			);
			path = Model;
			sourceTree = "<group>";
		};
		A9667940266BCC7F002684BC /* ViewModel */ = {
			isa = PBXGroup;
			children = (
				A96679AC266F848E002684BC /* HomeViewModel.swift */,
				A9CD5FB3268E864800FE11B2 /* ListViewModel.swift */,
				A99ECDEC2691D5270059F956 /* RecipeViewModel.swift */,
			);
			path = ViewModel;
			sourceTree = "<group>";
		};
		A9667959266BD6DD002684BC /* Utility */ = {
			isa = PBXGroup;
			children = (
				A9C1AAC32674FE6100156AF6 /* Enum */,
				A966796D266BF02E002684BC /* Protocol */,
				A966795A266BD6E6002684BC /* Extension */,
			);
			path = Utility;
			sourceTree = "<group>";
		};
		A966795A266BD6E6002684BC /* Extension */ = {
			isa = PBXGroup;
			children = (
				A9667960266BEE43002684BC /* Extension+UITableView.swift */,
				A9667968266BEFA4002684BC /* Extension+UICollectionView.swift */,
				A96679B626710AFD002684BC /* Extension+UIcolor.swift */,
				A913A309267A4D1B00D22236 /* Extension+UIFont.swift */,
			);
			path = Extension;
			sourceTree = "<group>";
		};
		A966796D266BF02E002684BC /* Protocol */ = {
			isa = PBXGroup;
			children = (
				A966796E266BF047002684BC /* Protocol+ReusableCell.swift */,
				A9CD5FB5268E88B600FE11B2 /* SubCoordinator.swift */,
			);
			path = Protocol;
			sourceTree = "<group>";
		};
		A966797C266E2EFB002684BC /* Entity */ = {
			isa = PBXGroup;
			children = (
				A9667994266E6526002684BC /* List+CoreDataClass.swift */,
				A9667995266E6526002684BC /* List+CoreDataProperties.swift */,
				A9667988266E5A0F002684BC /* CockTailListModel.swift */,
				A9E15C4126B544AA00120F35 /* CockTailDataModel.swift */,
			);
			path = Entity;
			sourceTree = "<group>";
		};
		A966797D266E2F01002684BC /* Service */ = {
			isa = PBXGroup;
			children = (
				A96679A2266F80AE002684BC /* CockTailService.swift */,
				A9CD5FAF268E793100FE11B2 /* PersistenceManager.swift */,
				A9CD5FB1268E848D00FE11B2 /* SelectedItems.swift */,
			);
			path = Service;
			sourceTree = "<group>";
		};
		A966797E266E2F22002684BC /* Repository */ = {
			isa = PBXGroup;
			children = (
				A96679A7266F828E002684BC /* CockTailRepository.swift */,
			);
			path = Repository;
			sourceTree = "<group>";
		};
		A99ECDF6269593C60059F956 /* Filtering */ = {
			isa = PBXGroup;
			children = (
				A9CD5FA72689393900FE11B2 /* FilteringViewController.swift */,
				A9CD5FA92689F50D00FE11B2 /* FilteringTableCell.swift */,
			);
			path = Filtering;
			sourceTree = "<group>";
		};
		A9C1AAC32674FE6100156AF6 /* Enum */ = {
			isa = PBXGroup;
			children = (
				A9C1AAC42674FF8E00156AF6 /* NSError+CoreData.swift */,
				A913A30D267E091F00D22236 /* SelectedItemList.swift */,
			);
			path = Enum;
			sourceTree = "<group>";
		};
		A9CD5FB7268E90AB00FE11B2 /* Home */ = {
			isa = PBXGroup;
			children = (
				A9667941266BCCA7002684BC /* HomeViewController.swift */,
				A9C1AACE2675341B00156AF6 /* HomeTopViewController.swift */,
				A9C1AACC26752B6F00156AF6 /* HomeBottomViewController.swift */,
				A913A30B267E053C00D22236 /* HomeBottomReusableView.swift */,
				A9C1AADC26779C1500156AF6 /* HomeBottomCell.swift */,
				A93C99C926A7E58E00156CF8 /* CustomGlassView.swift */,
			);
			path = Home;
			sourceTree = "<group>";
		};
		FBF5080502C3E8540F8C15F2 /* Pods */ = {
			isa = PBXGroup;
			children = (
				5F4627F2182C98C8C14AB772 /* Pods-HomeTail.debug.xcconfig */,
				E5E835456B82D671ED625814 /* Pods-HomeTail.release.xcconfig */,
				B2818C89D86E58AD02BA97F9 /* Pods-HomeTail-HomeTailUITests.debug.xcconfig */,
				9E2D9AF9333BC6F275C035A4 /* Pods-HomeTail-HomeTailUITests.release.xcconfig */,
				73DBA9942D11BCAC2123D83B /* Pods-HomeTailTests.debug.xcconfig */,
				9C7E7F108B93F5C8F14AB56D /* Pods-HomeTailTests.release.xcconfig */,
			);
			path = Pods;
			sourceTree = "<group>";
		};
/* End PBXGroup section */

/* Begin PBXNativeTarget section */
		A966780B266A4AA9002684BC /* HomeTail */ = {
			isa = PBXNativeTarget;
			buildConfigurationList = A9667836266A4AAB002684BC /* Build configuration list for PBXNativeTarget "HomeTail" */;
			buildPhases = (
				427B67E108F0E99CE5A868AF /* [CP] Check Pods Manifest.lock */,
				A9667808266A4AA9002684BC /* Sources */,
				A9667809266A4AA9002684BC /* Frameworks */,
				A966780A266A4AA9002684BC /* Resources */,
				2AAA18B0F0393FBB10FF8123 /* [CP] Embed Pods Frameworks */,
				A966794A266BCD96002684BC /* ShellScript */,
			);
			buildRules = (
			);
			dependencies = (
			);
			name = HomeTail;
			productName = HomeTail;
			productReference = A966780C266A4AA9002684BC /* HomeTail.app */;
			productType = "com.apple.product-type.application";
		};
		A9667821266A4AAB002684BC /* HomeTailTests */ = {
			isa = PBXNativeTarget;
			buildConfigurationList = A9667839266A4AAB002684BC /* Build configuration list for PBXNativeTarget "HomeTailTests" */;
			buildPhases = (
				D305F7431B910B32912E3B2B /* [CP] Check Pods Manifest.lock */,
				A966781E266A4AAB002684BC /* Sources */,
				A966781F266A4AAB002684BC /* Frameworks */,
				A9667820266A4AAB002684BC /* Resources */,
			);
			buildRules = (
			);
			dependencies = (
				A9667824266A4AAB002684BC /* PBXTargetDependency */,
			);
			name = HomeTailTests;
			productName = HomeTailTests;
			productReference = A9667822266A4AAB002684BC /* HomeTailTests.xctest */;
			productType = "com.apple.product-type.bundle.unit-test";
		};
		A966782C266A4AAB002684BC /* HomeTailUITests */ = {
			isa = PBXNativeTarget;
			buildConfigurationList = A966783C266A4AAB002684BC /* Build configuration list for PBXNativeTarget "HomeTailUITests" */;
			buildPhases = (
				20631FC4CD8AC7E2C159E47D /* [CP] Check Pods Manifest.lock */,
				A9667829266A4AAB002684BC /* Sources */,
				A966782A266A4AAB002684BC /* Frameworks */,
				A966782B266A4AAB002684BC /* Resources */,
				04149B08EB3353592E568AC5 /* [CP] Embed Pods Frameworks */,
			);
			buildRules = (
			);
			dependencies = (
				A966782F266A4AAB002684BC /* PBXTargetDependency */,
			);
			name = HomeTailUITests;
			productName = HomeTailUITests;
			productReference = A966782D266A4AAB002684BC /* HomeTailUITests.xctest */;
			productType = "com.apple.product-type.bundle.ui-testing";
		};
/* End PBXNativeTarget section */

/* Begin PBXProject section */
		A9667804266A4AA9002684BC /* Project object */ = {
			isa = PBXProject;
			attributes = {
				LastSwiftUpdateCheck = 1240;
				LastUpgradeCheck = 1240;
				TargetAttributes = {
					A966780B266A4AA9002684BC = {
						CreatedOnToolsVersion = 12.4;
					};
					A9667821266A4AAB002684BC = {
						CreatedOnToolsVersion = 12.4;
						TestTargetID = A966780B266A4AA9002684BC;
					};
					A966782C266A4AAB002684BC = {
						CreatedOnToolsVersion = 12.4;
						TestTargetID = A966780B266A4AA9002684BC;
					};
				};
			};
			buildConfigurationList = A9667807266A4AA9002684BC /* Build configuration list for PBXProject "HomeTail" */;
			compatibilityVersion = "Xcode 9.3";
			developmentRegion = en;
			hasScannedForEncodings = 0;
			knownRegions = (
				en,
				Base,
			);
			mainGroup = A9667803266A4AA9002684BC;
			productRefGroup = A966780D266A4AA9002684BC /* Products */;
			projectDirPath = "";
			projectRoot = "";
			targets = (
				A966780B266A4AA9002684BC /* HomeTail */,
				A9667821266A4AAB002684BC /* HomeTailTests */,
				A966782C266A4AAB002684BC /* HomeTailUITests */,
			);
		};
/* End PBXProject section */

/* Begin PBXResourcesBuildPhase section */
		A966780A266A4AA9002684BC /* Resources */ = {
			isa = PBXResourcesBuildPhase;
			buildActionMask = 2147483647;
			files = (
				A9667952266BCE09002684BC /* .swiftlint.yml in Resources */,
				A9CD5FAE268B3CCA00FE11B2 /* SourceHanSansHWK-Regular.otf in Resources */,
				A9E15C4026B534CD00120F35 /* GoogleService-Info.plist in Resources */,
				A9CD5FAD268B3CCA00FE11B2 /* SourceHanSansHWK-Bold.otf in Resources */,
				A966781C266A4AAB002684BC /* LaunchScreen.storyboard in Resources */,
				A9667819266A4AAB002684BC /* Assets.xcassets in Resources */,
			);
			runOnlyForDeploymentPostprocessing = 0;
		};
		A9667820266A4AAB002684BC /* Resources */ = {
			isa = PBXResourcesBuildPhase;
			buildActionMask = 2147483647;
			files = (
			);
			runOnlyForDeploymentPostprocessing = 0;
		};
		A966782B266A4AAB002684BC /* Resources */ = {
			isa = PBXResourcesBuildPhase;
			buildActionMask = 2147483647;
			files = (
			);
			runOnlyForDeploymentPostprocessing = 0;
		};
/* End PBXResourcesBuildPhase section */

/* Begin PBXShellScriptBuildPhase section */
		04149B08EB3353592E568AC5 /* [CP] Embed Pods Frameworks */ = {
			isa = PBXShellScriptBuildPhase;
			buildActionMask = 2147483647;
			files = (
			);
			inputFileListPaths = (
				"${PODS_ROOT}/Target Support Files/Pods-HomeTail-HomeTailUITests/Pods-HomeTail-HomeTailUITests-frameworks-${CONFIGURATION}-input-files.xcfilelist",
			);
			name = "[CP] Embed Pods Frameworks";
			outputFileListPaths = (
				"${PODS_ROOT}/Target Support Files/Pods-HomeTail-HomeTailUITests/Pods-HomeTail-HomeTailUITests-frameworks-${CONFIGURATION}-output-files.xcfilelist",
			);
			runOnlyForDeploymentPostprocessing = 0;
			shellPath = /bin/sh;
			shellScript = "\"${PODS_ROOT}/Target Support Files/Pods-HomeTail-HomeTailUITests/Pods-HomeTail-HomeTailUITests-frameworks.sh\"\n";
			showEnvVarsInLog = 0;
		};
		20631FC4CD8AC7E2C159E47D /* [CP] Check Pods Manifest.lock */ = {
			isa = PBXShellScriptBuildPhase;
			buildActionMask = 2147483647;
			files = (
			);
			inputFileListPaths = (
			);
			inputPaths = (
				"${PODS_PODFILE_DIR_PATH}/Podfile.lock",
				"${PODS_ROOT}/Manifest.lock",
			);
			name = "[CP] Check Pods Manifest.lock";
			outputFileListPaths = (
			);
			outputPaths = (
				"$(DERIVED_FILE_DIR)/Pods-HomeTail-HomeTailUITests-checkManifestLockResult.txt",
			);
			runOnlyForDeploymentPostprocessing = 0;
			shellPath = /bin/sh;
			shellScript = "diff \"${PODS_PODFILE_DIR_PATH}/Podfile.lock\" \"${PODS_ROOT}/Manifest.lock\" > /dev/null\nif [ $? != 0 ] ; then\n    # print error to STDERR\n    echo \"error: The sandbox is not in sync with the Podfile.lock. Run 'pod install' or update your CocoaPods installation.\" >&2\n    exit 1\nfi\n# This output is used by Xcode 'outputs' to avoid re-running this script phase.\necho \"SUCCESS\" > \"${SCRIPT_OUTPUT_FILE_0}\"\n";
			showEnvVarsInLog = 0;
		};
		2AAA18B0F0393FBB10FF8123 /* [CP] Embed Pods Frameworks */ = {
			isa = PBXShellScriptBuildPhase;
			buildActionMask = 2147483647;
			files = (
			);
			inputFileListPaths = (
				"${PODS_ROOT}/Target Support Files/Pods-HomeTail/Pods-HomeTail-frameworks-${CONFIGURATION}-input-files.xcfilelist",
			);
			name = "[CP] Embed Pods Frameworks";
			outputFileListPaths = (
				"${PODS_ROOT}/Target Support Files/Pods-HomeTail/Pods-HomeTail-frameworks-${CONFIGURATION}-output-files.xcfilelist",
			);
			runOnlyForDeploymentPostprocessing = 0;
			shellPath = /bin/sh;
			shellScript = "\"${PODS_ROOT}/Target Support Files/Pods-HomeTail/Pods-HomeTail-frameworks.sh\"\n";
			showEnvVarsInLog = 0;
		};
		427B67E108F0E99CE5A868AF /* [CP] Check Pods Manifest.lock */ = {
			isa = PBXShellScriptBuildPhase;
			buildActionMask = 2147483647;
			files = (
			);
			inputFileListPaths = (
			);
			inputPaths = (
				"${PODS_PODFILE_DIR_PATH}/Podfile.lock",
				"${PODS_ROOT}/Manifest.lock",
			);
			name = "[CP] Check Pods Manifest.lock";
			outputFileListPaths = (
			);
			outputPaths = (
				"$(DERIVED_FILE_DIR)/Pods-HomeTail-checkManifestLockResult.txt",
			);
			runOnlyForDeploymentPostprocessing = 0;
			shellPath = /bin/sh;
			shellScript = "diff \"${PODS_PODFILE_DIR_PATH}/Podfile.lock\" \"${PODS_ROOT}/Manifest.lock\" > /dev/null\nif [ $? != 0 ] ; then\n    # print error to STDERR\n    echo \"error: The sandbox is not in sync with the Podfile.lock. Run 'pod install' or update your CocoaPods installation.\" >&2\n    exit 1\nfi\n# This output is used by Xcode 'outputs' to avoid re-running this script phase.\necho \"SUCCESS\" > \"${SCRIPT_OUTPUT_FILE_0}\"\n";
			showEnvVarsInLog = 0;
		};
		A966794A266BCD96002684BC /* ShellScript */ = {
			isa = PBXShellScriptBuildPhase;
			buildActionMask = 2147483647;
			files = (
			);
			inputFileListPaths = (
			);
			inputPaths = (
			);
			outputFileListPaths = (
			);
			outputPaths = (
			);
			runOnlyForDeploymentPostprocessing = 0;
			shellPath = /bin/sh;
			shellScript = "${PODS_ROOT}/SwiftLint/swiftlint\n";
		};
		D305F7431B910B32912E3B2B /* [CP] Check Pods Manifest.lock */ = {
			isa = PBXShellScriptBuildPhase;
			buildActionMask = 2147483647;
			files = (
			);
			inputFileListPaths = (
			);
			inputPaths = (
				"${PODS_PODFILE_DIR_PATH}/Podfile.lock",
				"${PODS_ROOT}/Manifest.lock",
			);
			name = "[CP] Check Pods Manifest.lock";
			outputFileListPaths = (
			);
			outputPaths = (
				"$(DERIVED_FILE_DIR)/Pods-HomeTailTests-checkManifestLockResult.txt",
			);
			runOnlyForDeploymentPostprocessing = 0;
			shellPath = /bin/sh;
			shellScript = "diff \"${PODS_PODFILE_DIR_PATH}/Podfile.lock\" \"${PODS_ROOT}/Manifest.lock\" > /dev/null\nif [ $? != 0 ] ; then\n    # print error to STDERR\n    echo \"error: The sandbox is not in sync with the Podfile.lock. Run 'pod install' or update your CocoaPods installation.\" >&2\n    exit 1\nfi\n# This output is used by Xcode 'outputs' to avoid re-running this script phase.\necho \"SUCCESS\" > \"${SCRIPT_OUTPUT_FILE_0}\"\n";
			showEnvVarsInLog = 0;
		};
/* End PBXShellScriptBuildPhase section */

/* Begin PBXSourcesBuildPhase section */
		A9667808266A4AA9002684BC /* Sources */ = {
			isa = PBXSourcesBuildPhase;
			buildActionMask = 2147483647;
			files = (
				A966796F266BF047002684BC /* Protocol+ReusableCell.swift in Sources */,
				A913A30E267E091F00D22236 /* SelectedItemList.swift in Sources */,
				A913A30C267E053C00D22236 /* HomeBottomReusableView.swift in Sources */,
				A99ECDED2691D5270059F956 /* RecipeViewModel.swift in Sources */,
				A96679A8266F828E002684BC /* CockTailRepository.swift in Sources */,
				A9667984266E343C002684BC /* CockTailList.xcdatamodeld in Sources */,
				A9667814266A4AA9002684BC /* BaseViewController.swift in Sources */,
				A9CD5FA82689393900FE11B2 /* FilteringViewController.swift in Sources */,
				A9667961266BEE43002684BC /* Extension+UITableView.swift in Sources */,
				A9667996266E6526002684BC /* List+CoreDataClass.swift in Sources */,
				A9667810266A4AA9002684BC /* AppDelegate.swift in Sources */,
				A9CD5FAA2689F50D00FE11B2 /* FilteringTableCell.swift in Sources */,
				A913A308267A4C7700D22236 /* Dynamic.swift in Sources */,
				A96679A3266F80AE002684BC /* CockTailService.swift in Sources */,
				A96679B2266F8677002684BC /* CockTailDataTestModel.swift in Sources */,
				A96679B726710AFD002684BC /* Extension+UIcolor.swift in Sources */,
				A9C1AACD26752B6F00156AF6 /* HomeBottomViewController.swift in Sources */,
				A93C99CA26A7E58E00156CF8 /* CustomGlassView.swift in Sources */,
				A9667997266E6526002684BC /* List+CoreDataProperties.swift in Sources */,
				A9CD5FB0268E793100FE11B2 /* PersistenceManager.swift in Sources */,
				A913A31B268705C300D22236 /* RecipeViewController.swift in Sources */,
				A9C1AADD26779C1500156AF6 /* HomeBottomCell.swift in Sources */,
				A9E15C4226B544AA00120F35 /* CockTailDataModel.swift in Sources */,
				A9C1AAC52674FF8E00156AF6 /* NSError+CoreData.swift in Sources */,
				A9667812266A4AA9002684BC /* SceneDelegate.swift in Sources */,
				A913A31826868E0200D22236 /* ListTableCell.swift in Sources */,
				A9667942266BCCA7002684BC /* HomeViewController.swift in Sources */,
				A9CD5FB2268E848D00FE11B2 /* SelectedItems.swift in Sources */,
				A9667969266BEFA4002684BC /* Extension+UICollectionView.swift in Sources */,
				A913A30A267A4D1B00D22236 /* Extension+UIFont.swift in Sources */,
				A99ECDF8269593ED0059F956 /* CustomAnimator.swift in Sources */,
				A9C1AACF2675341B00156AF6 /* HomeTopViewController.swift in Sources */,
				A96679AD266F848E002684BC /* HomeViewModel.swift in Sources */,
				A913A31626868DEE00D22236 /* ListViewController.swift in Sources */,
				A9667989266E5A0F002684BC /* CockTailListModel.swift in Sources */,
				A9CD5FB4268E864800FE11B2 /* ListViewModel.swift in Sources */,
				A9CD5FB6268E88B600FE11B2 /* SubCoordinator.swift in Sources */,
			);
			runOnlyForDeploymentPostprocessing = 0;
		};
		A966781E266A4AAB002684BC /* Sources */ = {
			isa = PBXSourcesBuildPhase;
			buildActionMask = 2147483647;
			files = (
				A9667827266A4AAB002684BC /* HomeTailTests.swift in Sources */,
			);
			runOnlyForDeploymentPostprocessing = 0;
		};
		A9667829266A4AAB002684BC /* Sources */ = {
			isa = PBXSourcesBuildPhase;
			buildActionMask = 2147483647;
			files = (
				A9667832266A4AAB002684BC /* HomeTailUITests.swift in Sources */,
			);
			runOnlyForDeploymentPostprocessing = 0;
		};
/* End PBXSourcesBuildPhase section */

/* Begin PBXTargetDependency section */
		A9667824266A4AAB002684BC /* PBXTargetDependency */ = {
			isa = PBXTargetDependency;
			target = A966780B266A4AA9002684BC /* HomeTail */;
			targetProxy = A9667823266A4AAB002684BC /* PBXContainerItemProxy */;
		};
		A966782F266A4AAB002684BC /* PBXTargetDependency */ = {
			isa = PBXTargetDependency;
			target = A966780B266A4AA9002684BC /* HomeTail */;
			targetProxy = A966782E266A4AAB002684BC /* PBXContainerItemProxy */;
		};
/* End PBXTargetDependency section */

/* Begin PBXVariantGroup section */
		A966781A266A4AAB002684BC /* LaunchScreen.storyboard */ = {
			isa = PBXVariantGroup;
			children = (
				A966781B266A4AAB002684BC /* Base */,
			);
			name = LaunchScreen.storyboard;
			sourceTree = "<group>";
		};
/* End PBXVariantGroup section */

/* Begin XCBuildConfiguration section */
		A9667834266A4AAB002684BC /* Debug */ = {
			isa = XCBuildConfiguration;
			buildSettings = {
				ALWAYS_SEARCH_USER_PATHS = NO;
				CLANG_ANALYZER_NONNULL = YES;
				CLANG_ANALYZER_NUMBER_OBJECT_CONVERSION = YES_AGGRESSIVE;
				CLANG_CXX_LANGUAGE_STANDARD = "gnu++14";
				CLANG_CXX_LIBRARY = "libc++";
				CLANG_ENABLE_MODULES = YES;
				CLANG_ENABLE_OBJC_ARC = YES;
				CLANG_ENABLE_OBJC_WEAK = YES;
				CLANG_WARN_BLOCK_CAPTURE_AUTORELEASING = YES;
				CLANG_WARN_BOOL_CONVERSION = YES;
				CLANG_WARN_COMMA = YES;
				CLANG_WARN_CONSTANT_CONVERSION = YES;
				CLANG_WARN_DEPRECATED_OBJC_IMPLEMENTATIONS = YES;
				CLANG_WARN_DIRECT_OBJC_ISA_USAGE = YES_ERROR;
				CLANG_WARN_DOCUMENTATION_COMMENTS = YES;
				CLANG_WARN_EMPTY_BODY = YES;
				CLANG_WARN_ENUM_CONVERSION = YES;
				CLANG_WARN_INFINITE_RECURSION = YES;
				CLANG_WARN_INT_CONVERSION = YES;
				CLANG_WARN_NON_LITERAL_NULL_CONVERSION = YES;
				CLANG_WARN_OBJC_IMPLICIT_RETAIN_SELF = YES;
				CLANG_WARN_OBJC_LITERAL_CONVERSION = YES;
				CLANG_WARN_OBJC_ROOT_CLASS = YES_ERROR;
				CLANG_WARN_QUOTED_INCLUDE_IN_FRAMEWORK_HEADER = YES;
				CLANG_WARN_RANGE_LOOP_ANALYSIS = YES;
				CLANG_WARN_STRICT_PROTOTYPES = YES;
				CLANG_WARN_SUSPICIOUS_MOVE = YES;
				CLANG_WARN_UNGUARDED_AVAILABILITY = YES_AGGRESSIVE;
				CLANG_WARN_UNREACHABLE_CODE = YES;
				CLANG_WARN__DUPLICATE_METHOD_MATCH = YES;
				COPY_PHASE_STRIP = NO;
				DEBUG_INFORMATION_FORMAT = dwarf;
				ENABLE_STRICT_OBJC_MSGSEND = YES;
				ENABLE_TESTABILITY = YES;
				GCC_C_LANGUAGE_STANDARD = gnu11;
				GCC_DYNAMIC_NO_PIC = NO;
				GCC_NO_COMMON_BLOCKS = YES;
				GCC_OPTIMIZATION_LEVEL = 0;
				GCC_PREPROCESSOR_DEFINITIONS = (
					"DEBUG=1",
					"$(inherited)",
				);
				GCC_WARN_64_TO_32_BIT_CONVERSION = YES;
				GCC_WARN_ABOUT_RETURN_TYPE = YES_ERROR;
				GCC_WARN_UNDECLARED_SELECTOR = YES;
				GCC_WARN_UNINITIALIZED_AUTOS = YES_AGGRESSIVE;
				GCC_WARN_UNUSED_FUNCTION = YES;
				GCC_WARN_UNUSED_VARIABLE = YES;
				IPHONEOS_DEPLOYMENT_TARGET = 13.0;
				MTL_ENABLE_DEBUG_INFO = INCLUDE_SOURCE;
				MTL_FAST_MATH = YES;
				ONLY_ACTIVE_ARCH = YES;
				SDKROOT = iphoneos;
				SWIFT_ACTIVE_COMPILATION_CONDITIONS = DEBUG;
				SWIFT_OPTIMIZATION_LEVEL = "-Onone";
			};
			name = Debug;
		};
		A9667835266A4AAB002684BC /* Release */ = {
			isa = XCBuildConfiguration;
			buildSettings = {
				ALWAYS_SEARCH_USER_PATHS = NO;
				CLANG_ANALYZER_NONNULL = YES;
				CLANG_ANALYZER_NUMBER_OBJECT_CONVERSION = YES_AGGRESSIVE;
				CLANG_CXX_LANGUAGE_STANDARD = "gnu++14";
				CLANG_CXX_LIBRARY = "libc++";
				CLANG_ENABLE_MODULES = YES;
				CLANG_ENABLE_OBJC_ARC = YES;
				CLANG_ENABLE_OBJC_WEAK = YES;
				CLANG_WARN_BLOCK_CAPTURE_AUTORELEASING = YES;
				CLANG_WARN_BOOL_CONVERSION = YES;
				CLANG_WARN_COMMA = YES;
				CLANG_WARN_CONSTANT_CONVERSION = YES;
				CLANG_WARN_DEPRECATED_OBJC_IMPLEMENTATIONS = YES;
				CLANG_WARN_DIRECT_OBJC_ISA_USAGE = YES_ERROR;
				CLANG_WARN_DOCUMENTATION_COMMENTS = YES;
				CLANG_WARN_EMPTY_BODY = YES;
				CLANG_WARN_ENUM_CONVERSION = YES;
				CLANG_WARN_INFINITE_RECURSION = YES;
				CLANG_WARN_INT_CONVERSION = YES;
				CLANG_WARN_NON_LITERAL_NULL_CONVERSION = YES;
				CLANG_WARN_OBJC_IMPLICIT_RETAIN_SELF = YES;
				CLANG_WARN_OBJC_LITERAL_CONVERSION = YES;
				CLANG_WARN_OBJC_ROOT_CLASS = YES_ERROR;
				CLANG_WARN_QUOTED_INCLUDE_IN_FRAMEWORK_HEADER = YES;
				CLANG_WARN_RANGE_LOOP_ANALYSIS = YES;
				CLANG_WARN_STRICT_PROTOTYPES = YES;
				CLANG_WARN_SUSPICIOUS_MOVE = YES;
				CLANG_WARN_UNGUARDED_AVAILABILITY = YES_AGGRESSIVE;
				CLANG_WARN_UNREACHABLE_CODE = YES;
				CLANG_WARN__DUPLICATE_METHOD_MATCH = YES;
				COPY_PHASE_STRIP = NO;
				DEBUG_INFORMATION_FORMAT = "dwarf-with-dsym";
				ENABLE_NS_ASSERTIONS = NO;
				ENABLE_STRICT_OBJC_MSGSEND = YES;
				GCC_C_LANGUAGE_STANDARD = gnu11;
				GCC_NO_COMMON_BLOCKS = YES;
				GCC_WARN_64_TO_32_BIT_CONVERSION = YES;
				GCC_WARN_ABOUT_RETURN_TYPE = YES_ERROR;
				GCC_WARN_UNDECLARED_SELECTOR = YES;
				GCC_WARN_UNINITIALIZED_AUTOS = YES_AGGRESSIVE;
				GCC_WARN_UNUSED_FUNCTION = YES;
				GCC_WARN_UNUSED_VARIABLE = YES;
				IPHONEOS_DEPLOYMENT_TARGET = 13.0;
				MTL_ENABLE_DEBUG_INFO = NO;
				MTL_FAST_MATH = YES;
				SDKROOT = iphoneos;
				SWIFT_COMPILATION_MODE = wholemodule;
				SWIFT_OPTIMIZATION_LEVEL = "-O";
				VALIDATE_PRODUCT = YES;
			};
			name = Release;
		};
		A9667837266A4AAB002684BC /* Debug */ = {
			isa = XCBuildConfiguration;
			baseConfigurationReference = 5F4627F2182C98C8C14AB772 /* Pods-HomeTail.debug.xcconfig */;
			buildSettings = {
				ASSETCATALOG_COMPILER_APPICON_NAME = AppIcon;
				ASSETCATALOG_COMPILER_GLOBAL_ACCENT_COLOR_NAME = AccentColor;
				CODE_SIGN_STYLE = Automatic;
				DEVELOPMENT_TEAM = S63RBKT6UQ;
				INFOPLIST_FILE = "$(SRCROOT)/HomeTail/Configure/Info.plist";
				IPHONEOS_DEPLOYMENT_TARGET = 13.0;
				LD_RUNPATH_SEARCH_PATHS = (
					"$(inherited)",
					"@executable_path/Frameworks",
				);
				MARKETING_VERSION = 1.02;
				PRODUCT_BUNDLE_IDENTIFIER = com.HomeTail;
				PRODUCT_NAME = "$(TARGET_NAME)";
				SWIFT_VERSION = 5.0;
				TARGETED_DEVICE_FAMILY = 1;
			};
			name = Debug;
		};
		A9667838266A4AAB002684BC /* Release */ = {
			isa = XCBuildConfiguration;
			baseConfigurationReference = E5E835456B82D671ED625814 /* Pods-HomeTail.release.xcconfig */;
			buildSettings = {
				ASSETCATALOG_COMPILER_APPICON_NAME = AppIcon;
				ASSETCATALOG_COMPILER_GLOBAL_ACCENT_COLOR_NAME = AccentColor;
				CODE_SIGN_STYLE = Automatic;
				DEVELOPMENT_TEAM = S63RBKT6UQ;
				INFOPLIST_FILE = "$(SRCROOT)/HomeTail/Configure/Info.plist";
				IPHONEOS_DEPLOYMENT_TARGET = 13.0;
				LD_RUNPATH_SEARCH_PATHS = (
					"$(inherited)",
					"@executable_path/Frameworks",
				);
				MARKETING_VERSION = 1.02;
				PRODUCT_BUNDLE_IDENTIFIER = com.HomeTail;
				PRODUCT_NAME = "$(TARGET_NAME)";
				SWIFT_VERSION = 5.0;
				TARGETED_DEVICE_FAMILY = 1;
			};
			name = Release;
		};
		A966783A266A4AAB002684BC /* Debug */ = {
			isa = XCBuildConfiguration;
			baseConfigurationReference = 73DBA9942D11BCAC2123D83B /* Pods-HomeTailTests.debug.xcconfig */;
			buildSettings = {
				ALWAYS_EMBED_SWIFT_STANDARD_LIBRARIES = YES;
				BUNDLE_LOADER = "$(TEST_HOST)";
				CODE_SIGN_STYLE = Automatic;
				INFOPLIST_FILE = HomeTailTests/Info.plist;
				IPHONEOS_DEPLOYMENT_TARGET = 14.4;
				LD_RUNPATH_SEARCH_PATHS = (
					"$(inherited)",
					"@executable_path/Frameworks",
					"@loader_path/Frameworks",
				);
				PRODUCT_BUNDLE_IDENTIFIER = com.HomeTailTests;
				PRODUCT_NAME = "$(TARGET_NAME)";
				SWIFT_VERSION = 5.0;
				TARGETED_DEVICE_FAMILY = "1,2";
				TEST_HOST = "$(BUILT_PRODUCTS_DIR)/HomeTail.app/HomeTail";
			};
			name = Debug;
		};
		A966783B266A4AAB002684BC /* Release */ = {
			isa = XCBuildConfiguration;
			baseConfigurationReference = 9C7E7F108B93F5C8F14AB56D /* Pods-HomeTailTests.release.xcconfig */;
			buildSettings = {
				ALWAYS_EMBED_SWIFT_STANDARD_LIBRARIES = YES;
				BUNDLE_LOADER = "$(TEST_HOST)";
				CODE_SIGN_STYLE = Automatic;
				INFOPLIST_FILE = HomeTailTests/Info.plist;
				IPHONEOS_DEPLOYMENT_TARGET = 14.4;
				LD_RUNPATH_SEARCH_PATHS = (
					"$(inherited)",
					"@executable_path/Frameworks",
					"@loader_path/Frameworks",
				);
				PRODUCT_BUNDLE_IDENTIFIER = com.HomeTailTests;
				PRODUCT_NAME = "$(TARGET_NAME)";
				SWIFT_VERSION = 5.0;
				TARGETED_DEVICE_FAMILY = "1,2";
				TEST_HOST = "$(BUILT_PRODUCTS_DIR)/HomeTail.app/HomeTail";
			};
			name = Release;
		};
		A966783D266A4AAB002684BC /* Debug */ = {
			isa = XCBuildConfiguration;
			baseConfigurationReference = B2818C89D86E58AD02BA97F9 /* Pods-HomeTail-HomeTailUITests.debug.xcconfig */;
			buildSettings = {
				ALWAYS_EMBED_SWIFT_STANDARD_LIBRARIES = YES;
				CODE_SIGN_STYLE = Automatic;
				INFOPLIST_FILE = HomeTailUITests/Info.plist;
				LD_RUNPATH_SEARCH_PATHS = (
					"$(inherited)",
					"@executable_path/Frameworks",
					"@loader_path/Frameworks",
				);
				PRODUCT_BUNDLE_IDENTIFIER = com.HomeTailUITests;
				PRODUCT_NAME = "$(TARGET_NAME)";
				SWIFT_VERSION = 5.0;
				TARGETED_DEVICE_FAMILY = "1,2";
				TEST_TARGET_NAME = HomeTail;
			};
			name = Debug;
		};
		A966783E266A4AAB002684BC /* Release */ = {
			isa = XCBuildConfiguration;
			baseConfigurationReference = 9E2D9AF9333BC6F275C035A4 /* Pods-HomeTail-HomeTailUITests.release.xcconfig */;
			buildSettings = {
				ALWAYS_EMBED_SWIFT_STANDARD_LIBRARIES = YES;
				CODE_SIGN_STYLE = Automatic;
				INFOPLIST_FILE = HomeTailUITests/Info.plist;
				LD_RUNPATH_SEARCH_PATHS = (
					"$(inherited)",
					"@executable_path/Frameworks",
					"@loader_path/Frameworks",
				);
				PRODUCT_BUNDLE_IDENTIFIER = com.HomeTailUITests;
				PRODUCT_NAME = "$(TARGET_NAME)";
				SWIFT_VERSION = 5.0;
				TARGETED_DEVICE_FAMILY = "1,2";
				TEST_TARGET_NAME = HomeTail;
			};
			name = Release;
		};
/* End XCBuildConfiguration section */

/* Begin XCConfigurationList section */
		A9667807266A4AA9002684BC /* Build configuration list for PBXProject "HomeTail" */ = {
			isa = XCConfigurationList;
			buildConfigurations = (
				A9667834266A4AAB002684BC /* Debug */,
				A9667835266A4AAB002684BC /* Release */,
			);
			defaultConfigurationIsVisible = 0;
			defaultConfigurationName = Release;
		};
		A9667836266A4AAB002684BC /* Build configuration list for PBXNativeTarget "HomeTail" */ = {
			isa = XCConfigurationList;
			buildConfigurations = (
				A9667837266A4AAB002684BC /* Debug */,
				A9667838266A4AAB002684BC /* Release */,
			);
			defaultConfigurationIsVisible = 0;
			defaultConfigurationName = Release;
		};
		A9667839266A4AAB002684BC /* Build configuration list for PBXNativeTarget "HomeTailTests" */ = {
			isa = XCConfigurationList;
			buildConfigurations = (
				A966783A266A4AAB002684BC /* Debug */,
				A966783B266A4AAB002684BC /* Release */,
			);
			defaultConfigurationIsVisible = 0;
			defaultConfigurationName = Release;
		};
		A966783C266A4AAB002684BC /* Build configuration list for PBXNativeTarget "HomeTailUITests" */ = {
			isa = XCConfigurationList;
			buildConfigurations = (
				A966783D266A4AAB002684BC /* Debug */,
				A966783E266A4AAB002684BC /* Release */,
			);
			defaultConfigurationIsVisible = 0;
			defaultConfigurationName = Release;
		};
/* End XCConfigurationList section */

/* Begin XCVersionGroup section */
		A9667982266E343C002684BC /* CockTailList.xcdatamodeld */ = {
			isa = XCVersionGroup;
			children = (
				A9667983266E343C002684BC /* CockTailList.xcdatamodel */,
			);
			currentVersion = A9667983266E343C002684BC /* CockTailList.xcdatamodel */;
			path = CockTailList.xcdatamodeld;
			sourceTree = "<group>";
			versionGroupType = wrapper.xcdatamodel;
		};
/* End XCVersionGroup section */
	};
	rootObject = A9667804266A4AA9002684BC /* Project object */;
}
